{
  "requires": true,
  "lockfileVersion": 1,
  "dependencies": {
    "cryptico": {
      "version": "1.0.2",
      "resolved": "https://registry.npmjs.org/cryptico/-/cryptico-1.0.2.tgz",
      "integrity": "sha1-sTENaCcMnc9Q3tVK4TRFrytkBxs="
    },
    "jsrsasign": {
      "version": "8.0.7",
      "resolved": "https://registry.npmjs.org/jsrsasign/-/jsrsasign-8.0.7.tgz",
      "integrity": "sha1-RKjlfe8+d5Tai7jetC6OY2PXWb0="
    },
    "keypair": {
      "version": "1.0.1",
      "resolved": "https://registry.npmjs.org/keypair/-/keypair-1.0.1.tgz",
      "integrity": "sha1-dgNxknCvtlZO04oiCHoG/Jqk6hs="
    },
    "node-fetch": {
      "version": "2.1.1",
      "resolved": "https://registry.npmjs.org/node-fetch/-/node-fetch-2.1.1.tgz",
      "integrity": "sha1-NpynC4L1DIZJYQSmx3bSdPTkotQ="
    }
  }
}
